{
  "name": "finance-tracker",
  "version": "1.0.0",
  "lockfileVersion": 2,
  "requires": true,
  "packages": {
    "": {
      "name": "finance-tracker",
      "version": "1.0.0",
      "license": "MIT",
      "dependencies": {
        "@types/react": "^18.2.0",
        "@types/react-dom": "^18.2.0",
        "react": "^18.2.0",
        "react-dom": "^18.2.0"
      },
      "devDependencies": {
        "@types/node": "^20.0.0",
        "typescript": "^5.0.0",
        "vite": "^5.1.0"
      },
      "engines": {
        "node": ">=18.0.0",
        "npm": ">=8.0.0",
        "python": ">=3.9.0"
      }
    }
  }
}